version: 1
name: mcp.tool.flow.block.create
private: true
icon: mdi:puzzle-plus-outline
kind: mcp
description: Runs the flow-block-create MCP tool.
display: tool flow-block-create -> {{ props.out }}
props:
  request:
    kind: expression
    type: object
    default: input.request
    description: MCP JSON-RPC tools/call request object.
  out:
    kind: path
    mode: write
    default: local.response
    description: Scope path receiving the MCP response.
hooks:
  file: mcp.tool.flow.block.create.hooks.js
implementation:
  runtime: flow
  file: mcp.tool.flow.block.create.flow.yaml
