version: 1
name: mcp.handle
private: true
icon: mdi:router-network
kind: mcp
description: Handles one MCP JSON-RPC request object.
display: handle request -> {{ props.out }}
props:
  request:
    kind: expression
    type: object
    default: current
    description: One MCP JSON-RPC request object.
  out:
    kind: path
    mode: write
    default: flow.response
    description: Scope path receiving one MCP response.
implementation:
  runtime: flow
  file: mcp.handle.flow.yaml
