version: 1
name: mcp.tool.flow.tree
private: true
icon: mdi:file-tree-outline
kind: mcp
description: Runs the flow-tree MCP tool.
display: tool flow-tree -> {{ props.out }}
props:
  request:
    kind: expression
    type: object
    default: input.request
    description: MCP JSON-RPC tools/call request object.
  out:
    kind: path
    mode: write
    default: local.response
    description: Scope path receiving the MCP response.
implementation:
  runtime: flow
  file: mcp.tool.flow.tree.flow.yaml
