version: 1
name: "mcp.tool.flow.node.move"
private: true
icon: "mdi:playlist-play"
package: "lib_flow_mcp"
namespace: "mcp"
description: "Runs the flow-node-move MCP tool."
props:
  request:
    kind: "expression"
    type: "object"
    description: "MCP JSON-RPC tools/call request object."
  out:
    kind: "path"
    mode: "write"
    description: "Scope path receiving the MCP response."
hooks:
  file: "mcp.tool.flow.node.move.hooks.js"
implementation:
  runtime: "rhino"
  file: "mcp.tool.flow.node.move.js"
