version: 1
name: mcp.tool.flow.test
private: true
icon: mdi:test-tube
kind: mcp
description: Runs the flow-test MCP tool.
display: tool flow-test -> {{ props.out }}
props:
  request:
    kind: expression
    type: object
    default: input.request
    description: MCP JSON-RPC tools/call request object.
  out:
    kind: path
    mode: write
    default: local.response
    description: Scope path receiving the MCP response.
implementation:
  runtime: flow
  file: mcp.tool.flow.test.flow.yaml
