version: 1
name: mcp.tool.flow.list
private: true
icon: mdi:sitemap-outline
kind: mcp
description: Runs the flow-list MCP tool.
display: tool flow-list -> {{ props.out }}
props:
  request:
    kind: expression
    type: object
    default: input.request
    description: MCP JSON-RPC tools/call request object.
  out:
    kind: path
    mode: write
    default: local.response
    description: Scope path receiving the MCP response.
implementation:
  runtime: flow
  file: mcp.tool.flow.list.flow.yaml
