version: 1
name: mcp.tool.flow.type.create
private: true
icon: mdi:shape-plus-outline
kind: mcp
description: Runs the flow-type-create MCP tool.
display: tool flow-type-create -> {{ props.out }}
props:
  request:
    kind: expression
    type: object
    default: input.request
    description: MCP JSON-RPC tools/call request object.
  out:
    kind: path
    mode: write
    default: local.response
    description: Scope path receiving the MCP response.
nodes:
  - id: runTypeCreate
    block: mcp.tool.run
    request: props.request
    target: type.create
    out: local.response
  - id: done
    block: return
    value: "{{ local.response }}"
