version: 1
name: mcp.tools.call.runtime
private: true
icon: mdi:play-circle-outline
kind: mcp
description: Routes Flow runtime MCP tools.
display: tools.call runtime -> {{ props.out }}
props:
  request:
    kind: expression
    type: object
    default: input.request
    description: MCP JSON-RPC tools/call request object.
  out:
    kind: path
    mode: write
    default: flow.response
    description: Scope path receiving the MCP response.
implementation:
  runtime: flow
  file: mcp.tools.call.runtime.flow.yaml
