version: 1
private: true
icon: mdi:tools
tags:
- mcp
description: Dispatches one MCP tools/call request by visible tool family.
display: tools.call -> {{ input.out }}
props:
  request:
    kind: expression
    type: object
    default: input.request
    description: MCP JSON-RPC tools/call request object.
  out:
    kind: path
    mode: write
    default: local.response
    description: Scope path receiving the MCP response.
hooks:
  file: call.hooks.js
implementation:
  runtime: rhino
  file: call.js
