version: 1
private: true
icon: "mdi:sitemap-outline"
description: "Applies one or more mutations to a named Flow sidecar."
props:
  name:
    kind: text
    type: string
    description: "Project Flow sidecar name."
  mutation:
    kind: expression
    type: object
    description: "Single Flow mutation to apply."
  mutations:
    kind: expression
    type: array
    description: "Flow mutations to apply in order."
  dryRun:
    kind: literal
    type: boolean
    description: "Apply mutations without writing the Flow sidecar."
  flowSource:
    kind: text
    type: string
    description: "Optional Flow YAML source used instead of loading name."
  definition:
    kind: expression
    type: object
    description: "Optional Flow definition object used instead of loading name."
hooks:
  file: edit.hooks.js
implementation:
  runtime: "rhino"
  file: edit.js
