version: 1
private: true
uses:
  - mcp
icon: "mdi:magnify-scan"
description: "Searches Flow sidecars, nodes, catalog entries and learned schemas."
props:
  query:
    kind: text
    type: string
    description: "Search text. Multi-word queries match unordered tokens."
  scope:
    kind: text
    type: string
    default: project
    description: "Search scope: project or workspace. Project scope also includes visible library samples."
  kinds:
    kind: literal
    type: array
    description: "Optional result kinds, such as flow, node, block, type or schema."
  context:
    kind: literal
    type: number
    description: "Number of neighboring nodes to include around node matches."
  limit:
    kind: literal
    type: number
    description: "Maximum number of matches to return."
  cursor:
    kind: text
    type: string
    description: "Pagination cursor returned by a previous search."
  includeLibrarySamples:
    kind: literal
    type: boolean
    default: true
    description: "Include sample_* Flows from visible Flow libraries while searching the project."
hooks:
  file: search.hooks.js
implementation:
  runtime: "rhino"
  file: search.js
