version: 1
private: true
icon: "mdi:content-save-outline"
description: "Writes a named Flow sidecar and optionally registers it in the project."
props:
  name:
    kind: text
    type: string
    description: "Project Flow sidecar name."
  flowSource:
    kind: text
    type: string
    description: "Canonical Flow YAML source to write."
  register:
    kind: literal
    type: boolean
    description: "Register/save the Flow DBO after writing."
hooks:
  file: set.hooks.js
implementation:
  runtime: "rhino"
  file: set.js
