version: 1
private: true
icon: mdi:file-search-outline
tags:
- mcp
- flowscript
- code
description: Searches FlowScript code and returns small matching extracts.
display: tool flow-code-rg -> {{ input.out }}
props:
  request:
    kind: expression
    type: object
    default: input.request
    description: MCP JSON-RPC tools/call request object.
  out:
    kind: path
    mode: write
    default: local.response
    description: Scope path receiving the MCP response.
hooks:
  file: rg.hooks.js
implementation:
  runtime: flow
  file: rg.flow.yaml
