version: 1
private: true
icon: mdi:call-split
tags:
- mcp
description: Handles a JSON-RPC batch request.
display: batch -> {{ input.out }}
props:
  request:
    kind: expression
    type: array
    default: input.request
    description: MCP JSON-RPC request array.
  out:
    kind: path
    mode: write
    default: local.response
    description: Scope path receiving the MCP batch response array.
hooks:
  file: batch.hooks.js
implementation:
  runtime: flow
  file: batch.flow.yaml
