version: 1
private: true
uses:
  - mcp
icon: "mdi:bell-outline"
description: "Accepts MCP notifications without a JSON-RPC response."
props:
  request:
    kind: "expression"
    type: "object"
    description: "MCP JSON-RPC request object."
  out:
    kind: "path"
    mode: "write"
    description: "Scope path receiving the MCP response."
hooks:
  file: notification.hooks.js
implementation:
  runtime: "rhino"
  file: notification.js
