version: 1
private: true
icon: "mdi:code-json"
description: "Parses an MCP JSON-RPC request payload."
props:
  request:
    kind: "expression"
    type: "object"
    description: "MCP JSON-RPC request object."
  out:
    kind: "path"
    mode: "write"
    description: "Scope path receiving the MCP response."
hooks:
  file: request.hooks.js
implementation:
  runtime: "rhino"
  file: request.js
