version: 1
private: true
icon: "mdi:reply"
description: "Wraps a payload in a JSON-RPC result response."
props:
  request:
    kind: "expression"
    type: "object"
    description: "MCP JSON-RPC request object."
  result:
    kind: "expression"
    type: "object"
    description: "JSON-RPC result payload expression."
  out:
    kind: "path"
    mode: "write"
    description: "Scope path receiving the JSON-RPC response."
hooks:
  file: result.hooks.js
implementation:
  runtime: "rhino"
  file: result.js
