version: 1
private: true
icon: mdi:database-search-outline
tags:
- mcp
- requestable
- schema
description: Returns the known output schema and paths for a requestable.
display: tool flow-requestable-schema -> {{ input.out }}
props:
  request:
    kind: expression
    type: object
    default: input.request
    description: MCP JSON-RPC tools/call request object.
  out:
    kind: path
    mode: write
    default: local.response
    description: Scope path receiving the MCP response.
hooks:
  file: schema.hooks.js
implementation:
  runtime: flow
  file: schema.flow.yaml
