version: 1
private: true
uses:
  - mcp
icon: "mdi:playlist-plus"
description: "Adds one node to a named Flow sidecar."
props:
  name:
    kind: text
    type: string
    description: "Project Flow sidecar name."
  id:
    kind: text
    type: string
    description: "Stable id for the inserted node."
  block:
    kind: text
    type: string
    description: "Block name to instantiate."
  properties:
    kind: expression
    type: object
    description: "Properties to merge into the inserted node."
  node:
    kind: expression
    type: object
    description: "Complete node definition, alternative to id/block/properties."
  parentNodeId:
    kind: text
    type: string
    description: "Parent node receiving the inserted node."
  beforeNodeId:
    kind: text
    type: string
    description: "Insert before this sibling node."
  afterNodeId:
    kind: text
    type: string
    description: "Insert after this sibling node."
  slot:
    kind: text
    type: string
    description: "Target slot when inserting inside a container."
  index:
    kind: literal
    type: number
    description: "Target insertion index."
  detail:
    kind: text
    type: string
    description: "Response detail: summary (default) or full."
hooks:
  file: add.hooks.js
implementation:
  runtime: "rhino"
  file: add.js
