version: 1
private: true
icon: "mdi:playlist-remove"
description: "Runs the flow-node-delete MCP tool."
props:
  request:
    kind: "expression"
    type: "object"
    description: "MCP JSON-RPC tools/call request object."
  out:
    kind: "path"
    mode: "write"
    description: "Scope path receiving the MCP response."
hooks:
  file: delete.hooks.js
implementation:
  runtime: "rhino"
  file: delete.js
