version: 1
private: true
icon: "mdi:playlist-remove"
description: "Deletes one node from a named Flow sidecar."
props:
  name:
    kind: text
    type: string
    description: "Project Flow sidecar name."
  nodeId:
    kind: text
    type: string
    description: "Node id to delete."
  dryRun:
    kind: literal
    type: boolean
    description: "Apply mutation without writing the Flow sidecar."
hooks:
  file: delete.hooks.js
implementation:
  runtime: "rhino"
  file: delete.js
