version: 1
private: true
uses:
  - mcp
icon: "mdi:playlist-plus"
description: "Duplicates one node in a named Flow sidecar."
props:
  name:
    kind: text
    type: string
    description: "Project Flow sidecar name."
  nodeId:
    kind: text
    type: string
    description: "Source node id to duplicate."
  newId:
    kind: text
    type: string
    description: "Stable id for the duplicated node."
  properties:
    kind: expression
    type: object
    description: "Properties to merge into the duplicated node."
  parentNodeId:
    kind: text
    type: string
    description: "Parent node receiving the duplicated node."
  beforeNodeId:
    kind: text
    type: string
    description: "Insert before this sibling node."
  afterNodeId:
    kind: text
    type: string
    description: "Insert after this sibling node."
  slot:
    kind: text
    type: string
    description: "Target slot when inserting inside a container."
  index:
    kind: literal
    type: number
    description: "Target insertion index."
  detail:
    kind: text
    type: string
    description: "Response detail: summary (default) or full."
hooks:
  file: duplicate.hooks.js
implementation:
  runtime: "rhino"
  file: duplicate.js
