version: 1
private: true
uses:
  - mcp
icon: "mdi:playlist-edit"
description: "Edits one node in a named Flow sidecar."
props:
  name:
    kind: text
    type: string
    description: "Project Flow sidecar name."
  nodeId:
    kind: text
    type: string
    description: "Node id to edit."
  property:
    kind: text
    type: string
    description: "Single property to replace."
  value:
    kind: expression
    type: object
    description: "Replacement value for property."
  properties:
    kind: expression
    type: object
    description: "Properties to merge into the node."
  dryRun:
    kind: literal
    type: boolean
    description: "Apply mutation without writing the Flow sidecar."
hooks:
  file: edit.hooks.js
implementation:
  runtime: "rhino"
  file: edit.js
