version: 1
private: true
uses:
  - mcp
icon: "mdi:playlist-play"
description: "Moves one node in a named Flow sidecar."
props:
  name:
    kind: text
    type: string
    description: "Project Flow sidecar name."
  nodeId:
    kind: text
    type: string
    description: "Node id to move."
  parentNodeId:
    kind: text
    type: string
    description: "Parent node receiving the moved node."
  beforeNodeId:
    kind: text
    type: string
    description: "Move before this sibling node."
  afterNodeId:
    kind: text
    type: string
    description: "Move after this sibling node."
  slot:
    kind: text
    type: string
    description: "Target slot when moving inside a container."
  index:
    kind: literal
    type: number
    description: "Target insertion index."
  dryRun:
    kind: literal
    type: boolean
    description: "Apply mutation without writing the Flow sidecar."
  detail:
    kind: text
    type: string
    description: "Response detail: summary (default) or full."
hooks:
  file: move.hooks.js
implementation:
  runtime: "rhino"
  file: move.js
