version: 1
private: true
icon: mdi:puzzle-plus-outline
tags:
- mcp
description: Raw project block creation. Rhino HTTP/requestable code is rejected; prefer flow-block-code-set and keep IO visible through FlowScript nodes.
display: tool flow-block-create -> {{ input.out }}
props:
  request:
    kind: expression
    type: object
    default: input.request
    description: MCP JSON-RPC tools/call request object.
  out:
    kind: path
    mode: write
    default: local.response
    description: Scope path receiving the MCP response.
hooks:
  file: create.hooks.js
implementation:
  runtime: flow
  file: create.flow.yaml
