version: 1
private: true
icon: mdi:file-tree-outline
tags:
- mcp
description: Builds the MCP resources/templates/list response.
display: resources.templates.list
props:
  request:
    kind: expression
    type: object
    default: input.request
    description: MCP JSON-RPC request object.
  out:
    kind: path
    mode: write
    default: local.response
    description: Scope path receiving the MCP response.
hooks:
  file: list.hooks.js
implementation:
  runtime: flow
  file: list.flow.yaml
