version: 1
private: true
icon: "mdi:tag-search-outline"
description: "Extracts the MCP tool name, group and arguments."
props:
  request:
    kind: "expression"
    type: "object"
    description: "MCP JSON-RPC tools/call request object."
  out:
    kind: "path"
    mode: "write"
    description: "Scope path receiving {name, group, arguments}."
hooks:
  file: identify.hooks.js
implementation:
  runtime: "rhino"
  file: identify.js
